
Microsoft Visual Studio Solution File, Format Version 12.00
# Visual Studio 15
VisualStudioVersion = 15.0.28010.2050
MinimumVisualStudioVersion = 10.0.40219.1
Project("{151D2E53-A2C4-4D7D-83FE-D05416EBD58E}") = "AzureWorkshopInfrastruktur", "AzureWorkshopInfrastruktur\AzureWorkshopInfrastruktur.deployproj", "{1FFC5FB9-54BC-411A-9621-8C292A2354CB}"
EndProject
Global
	GlobalSection(SolutionConfigurationPlatforms) = preSolution
		Debug|Any CPU = Debug|Any CPU
		Release|Any CPU = Release|Any CPU
	EndGlobalSection
	GlobalSection(ProjectConfigurationPlatforms) = postSolution
		{1FFC5FB9-54BC-411A-9621-8C292A2354CB}.Debug|Any CPU.ActiveCfg = Debug|Any CPU
		{1FFC5FB9-54BC-411A-9621-8C292A2354CB}.Debug|Any CPU.Build.0 = Debug|Any CPU
		{1FFC5FB9-54BC-411A-9621-8C292A2354CB}.Release|Any CPU.ActiveCfg = Release|Any CPU
		{1FFC5FB9-54BC-411A-9621-8C292A2354CB}.Release|Any CPU.Build.0 = Release|Any CPU
	EndGlobalSection
	GlobalSection(SolutionProperties) = preSolution
		HideSolutionNode = FALSE
	EndGlobalSection
	GlobalSection(ExtensibilityGlobals) = postSolution
		SolutionGuid = {499C2974-F245-490E-B33C-6A1684FA6A43}
	EndGlobalSection
EndGlobal
