{
  "name": "asp.net",
  "version": "1.0.0",
  "lockfileVersion": 2,
  "requires": true,
  "packages": {
    "": {
      "name": "asp.net",
      "version": "1.0.0",
      "devDependencies": {
        "@types/dropzone": "^5.7.4"
      }
    },
    "node_modules/@types/dropzone": {
      "version": "5.7.4",
      "resolved": "https://registry.npmjs.org/@types/dropzone/-/dropzone-5.7.4.tgz",
      "integrity": "sha512-9kLJ2YAmVRWYrHvDoa95pQzHF0HUMKcznsS7FM1Mht5Yieec+HMB6Ybfm+ocvLjvFCvgyYGFTp4nzNFxhZmo3g==",
      "dev": true,
      "dependencies": {
        "@types/jquery": "*"
      }
    },
    "node_modules/@types/jquery": {
      "version": "3.5.14",
      "resolved": "https://registry.npmjs.org/@types/jquery/-/jquery-3.5.14.tgz",
      "integrity": "sha512-X1gtMRMbziVQkErhTQmSe2jFwwENA/Zr+PprCkF63vFq+Yt5PZ4AlKqgmeNlwgn7dhsXEK888eIW2520EpC+xg==",
      "dev": true,
      "dependencies": {
        "@types/sizzle": "*"
      }
    },
    "node_modules/@types/sizzle": {
      "version": "2.3.3",
      "resolved": "https://registry.npmjs.org/@types/sizzle/-/sizzle-2.3.3.tgz",
      "integrity": "sha512-JYM8x9EGF163bEyhdJBpR2QX1R5naCJHC8ucJylJ3w9/CVBaskdQ8WqBf8MmQrd1kRvp/a4TS8HJ+bxzR7ZJYQ==",
      "dev": true
    }
  },
  "dependencies": {
    "@types/dropzone": {
      "version": "5.7.4",
      "resolved": "https://registry.npmjs.org/@types/dropzone/-/dropzone-5.7.4.tgz",
      "integrity": "sha512-9kLJ2YAmVRWYrHvDoa95pQzHF0HUMKcznsS7FM1Mht5Yieec+HMB6Ybfm+ocvLjvFCvgyYGFTp4nzNFxhZmo3g==",
      "dev": true,
      "requires": {
        "@types/jquery": "*"
      }
    },
    "@types/jquery": {
      "version": "3.5.14",
      "resolved": "https://registry.npmjs.org/@types/jquery/-/jquery-3.5.14.tgz",
      "integrity": "sha512-X1gtMRMbziVQkErhTQmSe2jFwwENA/Zr+PprCkF63vFq+Yt5PZ4AlKqgmeNlwgn7dhsXEK888eIW2520EpC+xg==",
      "dev": true,
      "requires": {
        "@types/sizzle": "*"
      }
    },
    "@types/sizzle": {
      "version": "2.3.3",
      "resolved": "https://registry.npmjs.org/@types/sizzle/-/sizzle-2.3.3.tgz",
      "integrity": "sha512-JYM8x9EGF163bEyhdJBpR2QX1R5naCJHC8ucJylJ3w9/CVBaskdQ8WqBf8MmQrd1kRvp/a4TS8HJ+bxzR7ZJYQ==",
      "dev": true
    }
  }
}
